
Microsoft Visual Studio Solution File, Format Version 12.00
# Visual Studio Version 16
VisualStudioVersion = 16.0.29230.47
MinimumVisualStudioVersion = 10.0.40219.1
Project("{FAE04EC0-301F-11D3-BF4B-00C04F79EFBC}") = "Gigachany_2ndWeekUI", "Gigachany_2ndWeekUI\Gigachany_2ndWeekUI.csproj", "{4C0DADF1-67D8-4FC4-9EFB-97D70CFEC88A}"
EndProject
Global
	GlobalSection(SolutionConfigurationPlatforms) = preSolution
		Debug|Any CPU = Debug|Any CPU
		Release|Any CPU = Release|Any CPU
	EndGlobalSection
	GlobalSection(ProjectConfigurationPlatforms) = postSolution
		{4C0DADF1-67D8-4FC4-9EFB-97D70CFEC88A}.Debug|Any CPU.ActiveCfg = Debug|Any CPU
		{4C0DADF1-67D8-4FC4-9EFB-97D70CFEC88A}.Debug|Any CPU.Build.0 = Debug|Any CPU
		{4C0DADF1-67D8-4FC4-9EFB-97D70CFEC88A}.Release|Any CPU.ActiveCfg = Release|Any CPU
		{4C0DADF1-67D8-4FC4-9EFB-97D70CFEC88A}.Release|Any CPU.Build.0 = Release|Any CPU
	EndGlobalSection
	GlobalSection(SolutionProperties) = preSolution
		HideSolutionNode = FALSE
	EndGlobalSection
	GlobalSection(ExtensibilityGlobals) = postSolution
		SolutionGuid = {F402EFEE-946C-4129-AA0F-03CE27EE70E3}
	EndGlobalSection
EndGlobal
